// !$*UTF8*$!
{
	archiveVersion = 1;
	classes = {
	};
	objectVersion = 51;
	objects = {

/* Begin PBXBuildFile section */
		5DE472DE66669C5DBA3D0AC3 /* Pods_Heartbeat.framework in Frameworks */ = {isa = PBXBuildFile; fileRef = 8F18E6C06F3B5E21AF622C62 /* Pods_Heartbeat.framework */; };
		63EB04280D52A9BD0F67F8C4 /* Pods_HeartbeatTests.framework in Frameworks */ = {isa = PBXBuildFile; fileRef = 94CFF62FDD104CCA2EEF8CAA /* Pods_HeartbeatTests.framework */; };
		8A15D15A255F430D00A06B7E /* CreateAccountController.swift in Sources */ = {isa = PBXBuildFile; fileRef = 8A15D159255F430D00A06B7E /* CreateAccountController.swift */; };
		8A15D162255FA0F000A06B7E /* UserData.swift in Sources */ = {isa = PBXBuildFile; fileRef = 8A15D161255FA0EF00A06B7E /* UserData.swift */; };
		8A15D1682561D63300A06B7E /* FeaturedCollectionViewCell.swift in Sources */ = {isa = PBXBuildFile; fileRef = 8A15D1672561D63200A06B7E /* FeaturedCollectionViewCell.swift */; };
		8A15D35F26199B2C00768443 /* ColorUtils.swift in Sources */ = {isa = PBXBuildFile; fileRef = 8A15D35E26199B2C00768443 /* ColorUtils.swift */; };
		8A15D36E26199BC800768443 /* AVCaptureDevice+Extensions.swift in Sources */ = {isa = PBXBuildFile; fileRef = 8A15D36D26199BC800768443 /* AVCaptureDevice+Extensions.swift */; };
		8A15D37526199C2600768443 /* HeartRateManager.swift in Sources */ = {isa = PBXBuildFile; fileRef = 8A15D37426199C2600768443 /* HeartRateManager.swift */; };
		8A15D37B26199C8500768443 /* Filter.swift in Sources */ = {isa = PBXBuildFile; fileRef = 8A15D37A26199C8500768443 /* Filter.swift */; };
		8A15D38326199CCD00768443 /* PulseDetector.swift in Sources */ = {isa = PBXBuildFile; fileRef = 8A15D38226199CCD00768443 /* PulseDetector.swift */; };
		8A15D38926199DA500768443 /* PulseViewController.swift in Sources */ = {isa = PBXBuildFile; fileRef = 8A15D38826199DA500768443 /* PulseViewController.swift */; };
		8AB939532557C82800F2F02D /* HomeController.swift in Sources */ = {isa = PBXBuildFile; fileRef = 8AB939522557C82800F2F02D /* HomeController.swift */; };
		8AC58CD526199F9C00370ECD /* PulseViewController.xib in Resources */ = {isa = PBXBuildFile; fileRef = 8AC58CD426199F9C00370ECD /* PulseViewController.xib */; };
		8AD1014425440F220087773C /* AppDelegate.swift in Sources */ = {isa = PBXBuildFile; fileRef = 8AD1014325440F220087773C /* AppDelegate.swift */; };
		8AD1014625440F220087773C /* SceneDelegate.swift in Sources */ = {isa = PBXBuildFile; fileRef = 8AD1014525440F220087773C /* SceneDelegate.swift */; };
		8AD1014825440F220087773C /* LoginController.swift in Sources */ = {isa = PBXBuildFile; fileRef = 8AD1014725440F220087773C /* LoginController.swift */; };
		8AD1014B25440F230087773C /* Main.storyboard in Resources */ = {isa = PBXBuildFile; fileRef = 8AD1014925440F230087773C /* Main.storyboard */; };
		8AD1014E25440F230087773C /* Heartbeat.xcdatamodeld in Sources */ = {isa = PBXBuildFile; fileRef = 8AD1014C25440F230087773C /* Heartbeat.xcdatamodeld */; };
		8AD1015025440F250087773C /* Assets.xcassets in Resources */ = {isa = PBXBuildFile; fileRef = 8AD1014F25440F250087773C /* Assets.xcassets */; };
		8AD1015325440F250087773C /* LaunchScreen.storyboard in Resources */ = {isa = PBXBuildFile; fileRef = 8AD1015125440F250087773C /* LaunchScreen.storyboard */; };
		8AD1015E25440F250087773C /* HeartbeatTests.swift in Sources */ = {isa = PBXBuildFile; fileRef = 8AD1015D25440F250087773C /* HeartbeatTests.swift */; };
		8AD1016925440F250087773C /* HeartbeatUITests.swift in Sources */ = {isa = PBXBuildFile; fileRef = 8AD1016825440F250087773C /* HeartbeatUITests.swift */; };
		8AF3C4C2255D18D700E85397 /* HomeCollectionViewCell.swift in Sources */ = {isa = PBXBuildFile; fileRef = 8AF3C4C1255D18D700E85397 /* HomeCollectionViewCell.swift */; };
		8AF3C4CD255E58C100E85397 /* SearchTableViewCell.swift in Sources */ = {isa = PBXBuildFile; fileRef = 8AF3C4CC255E58C100E85397 /* SearchTableViewCell.swift */; };
		8AF3C4D4255E8FBD00E85397 /* SongInfo.swift in Sources */ = {isa = PBXBuildFile; fileRef = 8AF3C4D3255E8FBC00E85397 /* SongInfo.swift */; };
		DF0595C8DB7D1EC82E05D02D /* Pods_Heartbeat_HeartbeatUITests.framework in Frameworks */ = {isa = PBXBuildFile; fileRef = 0E0E4245C9A4D15D1A463D3C /* Pods_Heartbeat_HeartbeatUITests.framework */; };
/* End PBXBuildFile section */

/* Begin PBXContainerItemProxy section */
		8AD1015A25440F250087773C /* PBXContainerItemProxy */ = {
			isa = PBXContainerItemProxy;
			containerPortal = 8AD1013825440F220087773C /* Project object */;
			proxyType = 1;
			remoteGlobalIDString = 8AD1013F25440F220087773C;
			remoteInfo = Heartbeat;
		};
		8AD1016525440F250087773C /* PBXContainerItemProxy */ = {
			isa = PBXContainerItemProxy;
			containerPortal = 8AD1013825440F220087773C /* Project object */;
			proxyType = 1;
			remoteGlobalIDString = 8AD1013F25440F220087773C;
			remoteInfo = Heartbeat;
		};
/* End PBXContainerItemProxy section */

/* Begin PBXFileReference section */
		0E0E4245C9A4D15D1A463D3C /* Pods_Heartbeat_HeartbeatUITests.framework */ = {isa = PBXFileReference; explicitFileType = wrapper.framework; includeInIndex = 0; path = Pods_Heartbeat_HeartbeatUITests.framework; sourceTree = BUILT_PRODUCTS_DIR; };
		11F7B00A8DDB7F7175C36244 /* Pods-Heartbeat-HeartbeatUITests.debug.xcconfig */ = {isa = PBXFileReference; includeInIndex = 1; lastKnownFileType = text.xcconfig; name = "Pods-Heartbeat-HeartbeatUITests.debug.xcconfig"; path = "Target Support Files/Pods-Heartbeat-HeartbeatUITests/Pods-Heartbeat-HeartbeatUITests.debug.xcconfig"; sourceTree = "<group>"; };
		69FDF42334330DE55A843990 /* Pods-Heartbeat-HeartbeatUITests.release.xcconfig */ = {isa = PBXFileReference; includeInIndex = 1; lastKnownFileType = text.xcconfig; name = "Pods-Heartbeat-HeartbeatUITests.release.xcconfig"; path = "Target Support Files/Pods-Heartbeat-HeartbeatUITests/Pods-Heartbeat-HeartbeatUITests.release.xcconfig"; sourceTree = "<group>"; };
		8A15D159255F430D00A06B7E /* CreateAccountController.swift */ = {isa = PBXFileReference; lastKnownFileType = sourcecode.swift; path = CreateAccountController.swift; sourceTree = "<group>"; };
		8A15D161255FA0EF00A06B7E /* UserData.swift */ = {isa = PBXFileReference; lastKnownFileType = sourcecode.swift; path = UserData.swift; sourceTree = "<group>"; };
		8A15D1672561D63200A06B7E /* FeaturedCollectionViewCell.swift */ = {isa = PBXFileReference; lastKnownFileType = sourcecode.swift; path = FeaturedCollectionViewCell.swift; sourceTree = "<group>"; };
		8A15D35E26199B2C00768443 /* ColorUtils.swift */ = {isa = PBXFileReference; lastKnownFileType = sourcecode.swift; path = ColorUtils.swift; sourceTree = "<group>"; };
		8A15D36D26199BC800768443 /* AVCaptureDevice+Extensions.swift */ = {isa = PBXFileReference; lastKnownFileType = sourcecode.swift; path = "AVCaptureDevice+Extensions.swift"; sourceTree = "<group>"; };
		8A15D37426199C2600768443 /* HeartRateManager.swift */ = {isa = PBXFileReference; lastKnownFileType = sourcecode.swift; path = HeartRateManager.swift; sourceTree = "<group>"; };
		8A15D37A26199C8500768443 /* Filter.swift */ = {isa = PBXFileReference; lastKnownFileType = sourcecode.swift; path = Filter.swift; sourceTree = "<group>"; };
		8A15D38226199CCD00768443 /* PulseDetector.swift */ = {isa = PBXFileReference; lastKnownFileType = sourcecode.swift; path = PulseDetector.swift; sourceTree = "<group>"; };
		8A15D38826199DA500768443 /* PulseViewController.swift */ = {isa = PBXFileReference; lastKnownFileType = sourcecode.swift; path = PulseViewController.swift; sourceTree = "<group>"; };
		8AB939522557C82800F2F02D /* HomeController.swift */ = {isa = PBXFileReference; lastKnownFileType = sourcecode.swift; path = HomeController.swift; sourceTree = "<group>"; };
		8AC58CD426199F9C00370ECD /* PulseViewController.xib */ = {isa = PBXFileReference; lastKnownFileType = file.xib; path = PulseViewController.xib; sourceTree = "<group>"; };
		8AD1014025440F220087773C /* Heartbeat.app */ = {isa = PBXFileReference; explicitFileType = wrapper.application; includeInIndex = 0; path = Heartbeat.app; sourceTree = BUILT_PRODUCTS_DIR; };
		8AD1014325440F220087773C /* AppDelegate.swift */ = {isa = PBXFileReference; lastKnownFileType = sourcecode.swift; path = AppDelegate.swift; sourceTree = "<group>"; };
		8AD1014525440F220087773C /* SceneDelegate.swift */ = {isa = PBXFileReference; lastKnownFileType = sourcecode.swift; path = SceneDelegate.swift; sourceTree = "<group>"; };
		8AD1014725440F220087773C /* LoginController.swift */ = {isa = PBXFileReference; lastKnownFileType = sourcecode.swift; path = LoginController.swift; sourceTree = "<group>"; };
		8AD1014A25440F230087773C /* Base */ = {isa = PBXFileReference; lastKnownFileType = file.storyboard; name = Base; path = Base.lproj/Main.storyboard; sourceTree = "<group>"; };
		8AD1014D25440F230087773C /* Heartbeat.xcdatamodel */ = {isa = PBXFileReference; lastKnownFileType = wrapper.xcdatamodel; path = Heartbeat.xcdatamodel; sourceTree = "<group>"; };
		8AD1014F25440F250087773C /* Assets.xcassets */ = {isa = PBXFileReference; lastKnownFileType = folder.assetcatalog; path = Assets.xcassets; sourceTree = "<group>"; };
		8AD1015225440F250087773C /* Base */ = {isa = PBXFileReference; lastKnownFileType = file.storyboard; name = Base; path = Base.lproj/LaunchScreen.storyboard; sourceTree = "<group>"; };
		8AD1015425440F250087773C /* Info.plist */ = {isa = PBXFileReference; lastKnownFileType = text.plist.xml; path = Info.plist; sourceTree = "<group>"; };
		8AD1015925440F250087773C /* HeartbeatTests.xctest */ = {isa = PBXFileReference; explicitFileType = wrapper.cfbundle; includeInIndex = 0; path = HeartbeatTests.xctest; sourceTree = BUILT_PRODUCTS_DIR; };
		8AD1015D25440F250087773C /* HeartbeatTests.swift */ = {isa = PBXFileReference; lastKnownFileType = sourcecode.swift; path = HeartbeatTests.swift; sourceTree = "<group>"; };
		8AD1015F25440F250087773C /* Info.plist */ = {isa = PBXFileReference; lastKnownFileType = text.plist.xml; path = Info.plist; sourceTree = "<group>"; };
		8AD1016425440F250087773C /* HeartbeatUITests.xctest */ = {isa = PBXFileReference; explicitFileType = wrapper.cfbundle; includeInIndex = 0; path = HeartbeatUITests.xctest; sourceTree = BUILT_PRODUCTS_DIR; };
		8AD1016825440F250087773C /* HeartbeatUITests.swift */ = {isa = PBXFileReference; lastKnownFileType = sourcecode.swift; path = HeartbeatUITests.swift; sourceTree = "<group>"; };
		8AD1016A25440F250087773C /* Info.plist */ = {isa = PBXFileReference; lastKnownFileType = text.plist.xml; path = Info.plist; sourceTree = "<group>"; };
		8AF3C4C1255D18D700E85397 /* HomeCollectionViewCell.swift */ = {isa = PBXFileReference; lastKnownFileType = sourcecode.swift; path = HomeCollectionViewCell.swift; sourceTree = "<group>"; };
		8AF3C4CC255E58C100E85397 /* SearchTableViewCell.swift */ = {isa = PBXFileReference; lastKnownFileType = sourcecode.swift; path = SearchTableViewCell.swift; sourceTree = "<group>"; };
		8AF3C4D3255E8FBC00E85397 /* SongInfo.swift */ = {isa = PBXFileReference; lastKnownFileType = sourcecode.swift; path = SongInfo.swift; sourceTree = "<group>"; };
		8F18E6C06F3B5E21AF622C62 /* Pods_Heartbeat.framework */ = {isa = PBXFileReference; explicitFileType = wrapper.framework; includeInIndex = 0; path = Pods_Heartbeat.framework; sourceTree = BUILT_PRODUCTS_DIR; };
		94CFF62FDD104CCA2EEF8CAA /* Pods_HeartbeatTests.framework */ = {isa = PBXFileReference; explicitFileType = wrapper.framework; includeInIndex = 0; path = Pods_HeartbeatTests.framework; sourceTree = BUILT_PRODUCTS_DIR; };
		B94915EEBE92E468EDBA0404 /* Pods-HeartbeatTests.release.xcconfig */ = {isa = PBXFileReference; includeInIndex = 1; lastKnownFileType = text.xcconfig; name = "Pods-HeartbeatTests.release.xcconfig"; path = "Target Support Files/Pods-HeartbeatTests/Pods-HeartbeatTests.release.xcconfig"; sourceTree = "<group>"; };
		D7F8043017BF85768F797F0C /* Pods-HeartbeatTests.debug.xcconfig */ = {isa = PBXFileReference; includeInIndex = 1; lastKnownFileType = text.xcconfig; name = "Pods-HeartbeatTests.debug.xcconfig"; path = "Target Support Files/Pods-HeartbeatTests/Pods-HeartbeatTests.debug.xcconfig"; sourceTree = "<group>"; };
		E3312DD885E1D093BE3DB168 /* Pods-Heartbeat.debug.xcconfig */ = {isa = PBXFileReference; includeInIndex = 1; lastKnownFileType = text.xcconfig; name = "Pods-Heartbeat.debug.xcconfig"; path = "Target Support Files/Pods-Heartbeat/Pods-Heartbeat.debug.xcconfig"; sourceTree = "<group>"; };
		EFF550F914EB8826C0701034 /* Pods-Heartbeat.release.xcconfig */ = {isa = PBXFileReference; includeInIndex = 1; lastKnownFileType = text.xcconfig; name = "Pods-Heartbeat.release.xcconfig"; path = "Target Support Files/Pods-Heartbeat/Pods-Heartbeat.release.xcconfig"; sourceTree = "<group>"; };
/* End PBXFileReference section */

/* Begin PBXFrameworksBuildPhase section */
		8AD1013D25440F220087773C /* Frameworks */ = {
			isa = PBXFrameworksBuildPhase;
			buildActionMask = 2147483647;
			files = (
				5DE472DE66669C5DBA3D0AC3 /* Pods_Heartbeat.framework in Frameworks */,
			);
			runOnlyForDeploymentPostprocessing = 0;
		};
		8AD1015625440F250087773C /* Frameworks */ = {
			isa = PBXFrameworksBuildPhase;
			buildActionMask = 2147483647;
			files = (
				63EB04280D52A9BD0F67F8C4 /* Pods_HeartbeatTests.framework in Frameworks */,
			);
			runOnlyForDeploymentPostprocessing = 0;
		};
		8AD1016125440F250087773C /* Frameworks */ = {
			isa = PBXFrameworksBuildPhase;
			buildActionMask = 2147483647;
			files = (
				DF0595C8DB7D1EC82E05D02D /* Pods_Heartbeat_HeartbeatUITests.framework in Frameworks */,
			);
			runOnlyForDeploymentPostprocessing = 0;
		};
/* End PBXFrameworksBuildPhase section */

/* Begin PBXGroup section */
		12664FECE448C83E25489AC3 /* Pods */ = {
			isa = PBXGroup;
			children = (
				E3312DD885E1D093BE3DB168 /* Pods-Heartbeat.debug.xcconfig */,
				EFF550F914EB8826C0701034 /* Pods-Heartbeat.release.xcconfig */,
				11F7B00A8DDB7F7175C36244 /* Pods-Heartbeat-HeartbeatUITests.debug.xcconfig */,
				69FDF42334330DE55A843990 /* Pods-Heartbeat-HeartbeatUITests.release.xcconfig */,
				D7F8043017BF85768F797F0C /* Pods-HeartbeatTests.debug.xcconfig */,
				B94915EEBE92E468EDBA0404 /* Pods-HeartbeatTests.release.xcconfig */,
			);
			path = Pods;
			sourceTree = "<group>";
		};
		2C9B2A97D3E0CA90E1D520C2 /* Frameworks */ = {
			isa = PBXGroup;
			children = (
				8F18E6C06F3B5E21AF622C62 /* Pods_Heartbeat.framework */,
				0E0E4245C9A4D15D1A463D3C /* Pods_Heartbeat_HeartbeatUITests.framework */,
				94CFF62FDD104CCA2EEF8CAA /* Pods_HeartbeatTests.framework */,
			);
			name = Frameworks;
			sourceTree = "<group>";
		};
		8A15D36626199B3700768443 /* Utilities */ = {
			isa = PBXGroup;
			children = (
				8A15D35E26199B2C00768443 /* ColorUtils.swift */,
			);
			path = Utilities;
			sourceTree = "<group>";
		};
		8A15D37226199BEB00768443 /* Extensions */ = {
			isa = PBXGroup;
			children = (
				8A15D36D26199BC800768443 /* AVCaptureDevice+Extensions.swift */,
			);
			path = Extensions;
			sourceTree = "<group>";
		};
		8A15D37326199C0600768443 /* Managers */ = {
			isa = PBXGroup;
			children = (
				8A15D37426199C2600768443 /* HeartRateManager.swift */,
			);
			path = Managers;
			sourceTree = "<group>";
		};
		8A15D37926199C5D00768443 /* Pulse Detector Helpers */ = {
			isa = PBXGroup;
			children = (
				8A15D37A26199C8500768443 /* Filter.swift */,
				8A15D38226199CCD00768443 /* PulseDetector.swift */,
			);
			path = "Pulse Detector Helpers";
			sourceTree = "<group>";
		};
		8A15D38726199D6F00768443 /* Pulse View Controllers */ = {
			isa = PBXGroup;
			children = (
				8A15D38826199DA500768443 /* PulseViewController.swift */,
				8AC58CD426199F9C00370ECD /* PulseViewController.xib */,
			);
			path = "Pulse View Controllers";
			sourceTree = "<group>";
		};
		8AD1013725440F220087773C = {
			isa = PBXGroup;
			children = (
				8AD1014225440F220087773C /* Heartbeat */,
				8AD1015C25440F250087773C /* HeartbeatTests */,
				8AD1016725440F250087773C /* HeartbeatUITests */,
				8AD1014125440F220087773C /* Products */,
				12664FECE448C83E25489AC3 /* Pods */,
				2C9B2A97D3E0CA90E1D520C2 /* Frameworks */,
			);
			sourceTree = "<group>";
		};
		8AD1014125440F220087773C /* Products */ = {
			isa = PBXGroup;
			children = (
				8AD1014025440F220087773C /* Heartbeat.app */,
				8AD1015925440F250087773C /* HeartbeatTests.xctest */,
				8AD1016425440F250087773C /* HeartbeatUITests.xctest */,
			);
			name = Products;
			sourceTree = "<group>";
		};
		8AD1014225440F220087773C /* Heartbeat */ = {
			isa = PBXGroup;
			children = (
				8A15D36626199B3700768443 /* Utilities */,
				8A15D37226199BEB00768443 /* Extensions */,
				8A15D37326199C0600768443 /* Managers */,
				8A15D37926199C5D00768443 /* Pulse Detector Helpers */,
				8A15D38726199D6F00768443 /* Pulse View Controllers */,
				8AD1014325440F220087773C /* AppDelegate.swift */,
				8AD1014525440F220087773C /* SceneDelegate.swift */,
				8AD1014725440F220087773C /* LoginController.swift */,
				8A15D159255F430D00A06B7E /* CreateAccountController.swift */,
				8AB939522557C82800F2F02D /* HomeController.swift */,
				8AF3C4C1255D18D700E85397 /* HomeCollectionViewCell.swift */,
				8A15D1672561D63200A06B7E /* FeaturedCollectionViewCell.swift */,
				8AF3C4CC255E58C100E85397 /* SearchTableViewCell.swift */,
				8AD1014925440F230087773C /* Main.storyboard */,
				8AD1014F25440F250087773C /* Assets.xcassets */,
				8AD1015125440F250087773C /* LaunchScreen.storyboard */,
				8AD1015425440F250087773C /* Info.plist */,
				8AD1014C25440F230087773C /* Heartbeat.xcdatamodeld */,
				8A15D161255FA0EF00A06B7E /* UserData.swift */,
				8AF3C4D3255E8FBC00E85397 /* SongInfo.swift */,
			);
			path = Heartbeat;
			sourceTree = "<group>";
		};
		8AD1015C25440F250087773C /* HeartbeatTests */ = {
			isa = PBXGroup;
			children = (
				8AD1015D25440F250087773C /* HeartbeatTests.swift */,
				8AD1015F25440F250087773C /* Info.plist */,
			);
			path = HeartbeatTests;
			sourceTree = "<group>";
		};
		8AD1016725440F250087773C /* HeartbeatUITests */ = {
			isa = PBXGroup;
			children = (
				8AD1016825440F250087773C /* HeartbeatUITests.swift */,
				8AD1016A25440F250087773C /* Info.plist */,
			);
			path = HeartbeatUITests;
			sourceTree = "<group>";
		};
/* End PBXGroup section */

/* Begin PBXNativeTarget section */
		8AD1013F25440F220087773C /* Heartbeat */ = {
			isa = PBXNativeTarget;
			buildConfigurationList = 8AD1016D25440F250087773C /* Build configuration list for PBXNativeTarget "Heartbeat" */;
			buildPhases = (
				7592A76C4DE15A75100AFB67 /* [CP] Check Pods Manifest.lock */,
				8AD1013C25440F220087773C /* Sources */,
				8AD1013D25440F220087773C /* Frameworks */,
				8AD1013E25440F220087773C /* Resources */,
				E03EAD20A8975542F2B9BD49 /* [CP] Embed Pods Frameworks */,
			);
			buildRules = (
			);
			dependencies = (
			);
			name = Heartbeat;
			productName = Heartbeat;
			productReference = 8AD1014025440F220087773C /* Heartbeat.app */;
			productType = "com.apple.product-type.application";
		};
		8AD1015825440F250087773C /* HeartbeatTests */ = {
			isa = PBXNativeTarget;
			buildConfigurationList = 8AD1017025440F250087773C /* Build configuration list for PBXNativeTarget "HeartbeatTests" */;
			buildPhases = (
				3C116251D423DCDFD57AEF79 /* [CP] Check Pods Manifest.lock */,
				8AD1015525440F250087773C /* Sources */,
				8AD1015625440F250087773C /* Frameworks */,
				8AD1015725440F250087773C /* Resources */,
			);
			buildRules = (
			);
			dependencies = (
				8AD1015B25440F250087773C /* PBXTargetDependency */,
			);
			name = HeartbeatTests;
			productName = HeartbeatTests;
			productReference = 8AD1015925440F250087773C /* HeartbeatTests.xctest */;
			productType = "com.apple.product-type.bundle.unit-test";
		};
		8AD1016325440F250087773C /* HeartbeatUITests */ = {
			isa = PBXNativeTarget;
			buildConfigurationList = 8AD1017325440F250087773C /* Build configuration list for PBXNativeTarget "HeartbeatUITests" */;
			buildPhases = (
				4FA7A49852EEF6E66B7006DF /* [CP] Check Pods Manifest.lock */,
				8AD1016025440F250087773C /* Sources */,
				8AD1016125440F250087773C /* Frameworks */,
				8AD1016225440F250087773C /* Resources */,
				18ABB6D0FBC7AAC3C11C9573 /* [CP] Embed Pods Frameworks */,
			);
			buildRules = (
			);
			dependencies = (
				8AD1016625440F250087773C /* PBXTargetDependency */,
			);
			name = HeartbeatUITests;
			productName = HeartbeatUITests;
			productReference = 8AD1016425440F250087773C /* HeartbeatUITests.xctest */;
			productType = "com.apple.product-type.bundle.ui-testing";
		};
/* End PBXNativeTarget section */

/* Begin PBXProject section */
		8AD1013825440F220087773C /* Project object */ = {
			isa = PBXProject;
			attributes = {
				LastSwiftUpdateCheck = 1200;
				LastUpgradeCheck = 1200;
				TargetAttributes = {
					8AD1013F25440F220087773C = {
						CreatedOnToolsVersion = 12.0.1;
					};
					8AD1015825440F250087773C = {
						CreatedOnToolsVersion = 12.0.1;
						TestTargetID = 8AD1013F25440F220087773C;
					};
					8AD1016325440F250087773C = {
						CreatedOnToolsVersion = 12.0.1;
						TestTargetID = 8AD1013F25440F220087773C;
					};
				};
			};
			buildConfigurationList = 8AD1013B25440F220087773C /* Build configuration list for PBXProject "Heartbeat" */;
			compatibilityVersion = "Xcode 9.3";
			developmentRegion = en;
			hasScannedForEncodings = 0;
			knownRegions = (
				en,
				Base,
			);
			mainGroup = 8AD1013725440F220087773C;
			productRefGroup = 8AD1014125440F220087773C /* Products */;
			projectDirPath = "";
			projectRoot = "";
			targets = (
				8AD1013F25440F220087773C /* Heartbeat */,
				8AD1015825440F250087773C /* HeartbeatTests */,
				8AD1016325440F250087773C /* HeartbeatUITests */,
			);
		};
/* End PBXProject section */

/* Begin PBXResourcesBuildPhase section */
		8AD1013E25440F220087773C /* Resources */ = {
			isa = PBXResourcesBuildPhase;
			buildActionMask = 2147483647;
			files = (
				8AC58CD526199F9C00370ECD /* PulseViewController.xib in Resources */,
				8AD1015325440F250087773C /* LaunchScreen.storyboard in Resources */,
				8AD1015025440F250087773C /* Assets.xcassets in Resources */,
				8AD1014B25440F230087773C /* Main.storyboard in Resources */,
			);
			runOnlyForDeploymentPostprocessing = 0;
		};
		8AD1015725440F250087773C /* Resources */ = {
			isa = PBXResourcesBuildPhase;
			buildActionMask = 2147483647;
			files = (
			);
			runOnlyForDeploymentPostprocessing = 0;
		};
		8AD1016225440F250087773C /* Resources */ = {
			isa = PBXResourcesBuildPhase;
			buildActionMask = 2147483647;
			files = (
			);
			runOnlyForDeploymentPostprocessing = 0;
		};
/* End PBXResourcesBuildPhase section */

/* Begin PBXShellScriptBuildPhase section */
		18ABB6D0FBC7AAC3C11C9573 /* [CP] Embed Pods Frameworks */ = {
			isa = PBXShellScriptBuildPhase;
			buildActionMask = 2147483647;
			files = (
			);
			inputFileListPaths = (
				"${PODS_ROOT}/Target Support Files/Pods-Heartbeat-HeartbeatUITests/Pods-Heartbeat-HeartbeatUITests-frameworks-${CONFIGURATION}-input-files.xcfilelist",
			);
			name = "[CP] Embed Pods Frameworks";
			outputFileListPaths = (
				"${PODS_ROOT}/Target Support Files/Pods-Heartbeat-HeartbeatUITests/Pods-Heartbeat-HeartbeatUITests-frameworks-${CONFIGURATION}-output-files.xcfilelist",
			);
			runOnlyForDeploymentPostprocessing = 0;
			shellPath = /bin/sh;
			shellScript = "\"${PODS_ROOT}/Target Support Files/Pods-Heartbeat-HeartbeatUITests/Pods-Heartbeat-HeartbeatUITests-frameworks.sh\"\n";
			showEnvVarsInLog = 0;
		};
		3C116251D423DCDFD57AEF79 /* [CP] Check Pods Manifest.lock */ = {
			isa = PBXShellScriptBuildPhase;
			buildActionMask = 2147483647;
			files = (
			);
			inputFileListPaths = (
			);
			inputPaths = (
				"${PODS_PODFILE_DIR_PATH}/Podfile.lock",
				"${PODS_ROOT}/Manifest.lock",
			);
			name = "[CP] Check Pods Manifest.lock";
			outputFileListPaths = (
			);
			outputPaths = (
				"$(DERIVED_FILE_DIR)/Pods-HeartbeatTests-checkManifestLockResult.txt",
			);
			runOnlyForDeploymentPostprocessing = 0;
			shellPath = /bin/sh;
			shellScript = "diff \"${PODS_PODFILE_DIR_PATH}/Podfile.lock\" \"${PODS_ROOT}/Manifest.lock\" > /dev/null\nif [ $? != 0 ] ; then\n    # print error to STDERR\n    echo \"error: The sandbox is not in sync with the Podfile.lock. Run 'pod install' or update your CocoaPods installation.\" >&2\n    exit 1\nfi\n# This output is used by Xcode 'outputs' to avoid re-running this script phase.\necho \"SUCCESS\" > \"${SCRIPT_OUTPUT_FILE_0}\"\n";
			showEnvVarsInLog = 0;
		};
		4FA7A49852EEF6E66B7006DF /* [CP] Check Pods Manifest.lock */ = {
			isa = PBXShellScriptBuildPhase;
			buildActionMask = 2147483647;
			files = (
			);
			inputFileListPaths = (
			);
			inputPaths = (
				"${PODS_PODFILE_DIR_PATH}/Podfile.lock",
				"${PODS_ROOT}/Manifest.lock",
			);
			name = "[CP] Check Pods Manifest.lock";
			outputFileListPaths = (
			);
			outputPaths = (
				"$(DERIVED_FILE_DIR)/Pods-Heartbeat-HeartbeatUITests-checkManifestLockResult.txt",
			);
			runOnlyForDeploymentPostprocessing = 0;
			shellPath = /bin/sh;
			shellScript = "diff \"${PODS_PODFILE_DIR_PATH}/Podfile.lock\" \"${PODS_ROOT}/Manifest.lock\" > /dev/null\nif [ $? != 0 ] ; then\n    # print error to STDERR\n    echo \"error: The sandbox is not in sync with the Podfile.lock. Run 'pod install' or update your CocoaPods installation.\" >&2\n    exit 1\nfi\n# This output is used by Xcode 'outputs' to avoid re-running this script phase.\necho \"SUCCESS\" > \"${SCRIPT_OUTPUT_FILE_0}\"\n";
			showEnvVarsInLog = 0;
		};
		7592A76C4DE15A75100AFB67 /* [CP] Check Pods Manifest.lock */ = {
			isa = PBXShellScriptBuildPhase;
			buildActionMask = 2147483647;
			files = (
			);
			inputFileListPaths = (
			);
			inputPaths = (
				"${PODS_PODFILE_DIR_PATH}/Podfile.lock",
				"${PODS_ROOT}/Manifest.lock",
			);
			name = "[CP] Check Pods Manifest.lock";
			outputFileListPaths = (
			);
			outputPaths = (
				"$(DERIVED_FILE_DIR)/Pods-Heartbeat-checkManifestLockResult.txt",
			);
			runOnlyForDeploymentPostprocessing = 0;
			shellPath = /bin/sh;
			shellScript = "diff \"${PODS_PODFILE_DIR_PATH}/Podfile.lock\" \"${PODS_ROOT}/Manifest.lock\" > /dev/null\nif [ $? != 0 ] ; then\n    # print error to STDERR\n    echo \"error: The sandbox is not in sync with the Podfile.lock. Run 'pod install' or update your CocoaPods installation.\" >&2\n    exit 1\nfi\n# This output is used by Xcode 'outputs' to avoid re-running this script phase.\necho \"SUCCESS\" > \"${SCRIPT_OUTPUT_FILE_0}\"\n";
			showEnvVarsInLog = 0;
		};
		E03EAD20A8975542F2B9BD49 /* [CP] Embed Pods Frameworks */ = {
			isa = PBXShellScriptBuildPhase;
			buildActionMask = 2147483647;
			files = (
			);
			inputFileListPaths = (
				"${PODS_ROOT}/Target Support Files/Pods-Heartbeat/Pods-Heartbeat-frameworks-${CONFIGURATION}-input-files.xcfilelist",
			);
			name = "[CP] Embed Pods Frameworks";
			outputFileListPaths = (
				"${PODS_ROOT}/Target Support Files/Pods-Heartbeat/Pods-Heartbeat-frameworks-${CONFIGURATION}-output-files.xcfilelist",
			);
			runOnlyForDeploymentPostprocessing = 0;
			shellPath = /bin/sh;
			shellScript = "\"${PODS_ROOT}/Target Support Files/Pods-Heartbeat/Pods-Heartbeat-frameworks.sh\"\n";
			showEnvVarsInLog = 0;
		};
/* End PBXShellScriptBuildPhase section */

/* Begin PBXSourcesBuildPhase section */
		8AD1013C25440F220087773C /* Sources */ = {
			isa = PBXSourcesBuildPhase;
			buildActionMask = 2147483647;
			files = (
				8A15D36E26199BC800768443 /* AVCaptureDevice+Extensions.swift in Sources */,
				8A15D38326199CCD00768443 /* PulseDetector.swift in Sources */,
				8A15D37B26199C8500768443 /* Filter.swift in Sources */,
				8AD1014825440F220087773C /* LoginController.swift in Sources */,
				8AD1014425440F220087773C /* AppDelegate.swift in Sources */,
				8A15D1682561D63300A06B7E /* FeaturedCollectionViewCell.swift in Sources */,
				8A15D37526199C2600768443 /* HeartRateManager.swift in Sources */,
				8A15D35F26199B2C00768443 /* ColorUtils.swift in Sources */,
				8AD1014E25440F230087773C /* Heartbeat.xcdatamodeld in Sources */,
				8A15D15A255F430D00A06B7E /* CreateAccountController.swift in Sources */,
				8AD1014625440F220087773C /* SceneDelegate.swift in Sources */,
				8AF3C4D4255E8FBD00E85397 /* SongInfo.swift in Sources */,
				8AB939532557C82800F2F02D /* HomeController.swift in Sources */,
				8A15D38926199DA500768443 /* PulseViewController.swift in Sources */,
				8AF3C4C2255D18D700E85397 /* HomeCollectionViewCell.swift in Sources */,
				8A15D162255FA0F000A06B7E /* UserData.swift in Sources */,
				8AF3C4CD255E58C100E85397 /* SearchTableViewCell.swift in Sources */,
			);
			runOnlyForDeploymentPostprocessing = 0;
		};
		8AD1015525440F250087773C /* Sources */ = {
			isa = PBXSourcesBuildPhase;
			buildActionMask = 2147483647;
			files = (
				8AD1015E25440F250087773C /* HeartbeatTests.swift in Sources */,
			);
			runOnlyForDeploymentPostprocessing = 0;
		};
		8AD1016025440F250087773C /* Sources */ = {
			isa = PBXSourcesBuildPhase;
			buildActionMask = 2147483647;
			files = (
				8AD1016925440F250087773C /* HeartbeatUITests.swift in Sources */,
			);
			runOnlyForDeploymentPostprocessing = 0;
		};
/* End PBXSourcesBuildPhase section */

/* Begin PBXTargetDependency section */
		8AD1015B25440F250087773C /* PBXTargetDependency */ = {
			isa = PBXTargetDependency;
			target = 8AD1013F25440F220087773C /* Heartbeat */;
			targetProxy = 8AD1015A25440F250087773C /* PBXContainerItemProxy */;
		};
		8AD1016625440F250087773C /* PBXTargetDependency */ = {
			isa = PBXTargetDependency;
			target = 8AD1013F25440F220087773C /* Heartbeat */;
			targetProxy = 8AD1016525440F250087773C /* PBXContainerItemProxy */;
		};
/* End PBXTargetDependency section */

/* Begin PBXVariantGroup section */
		8AD1014925440F230087773C /* Main.storyboard */ = {
			isa = PBXVariantGroup;
			children = (
				8AD1014A25440F230087773C /* Base */,
			);
			name = Main.storyboard;
			sourceTree = "<group>";
		};
		8AD1015125440F250087773C /* LaunchScreen.storyboard */ = {
			isa = PBXVariantGroup;
			children = (
				8AD1015225440F250087773C /* Base */,
			);
			name = LaunchScreen.storyboard;
			sourceTree = "<group>";
		};
/* End PBXVariantGroup section */

/* Begin XCBuildConfiguration section */
		8AD1016B25440F250087773C /* Debug */ = {
			isa = XCBuildConfiguration;
			buildSettings = {
				ALWAYS_SEARCH_USER_PATHS = NO;
				CLANG_ANALYZER_NONNULL = YES;
				CLANG_ANALYZER_NUMBER_OBJECT_CONVERSION = YES_AGGRESSIVE;
				CLANG_CXX_LANGUAGE_STANDARD = "gnu++14";
				CLANG_CXX_LIBRARY = "libc++";
				CLANG_ENABLE_MODULES = YES;
				CLANG_ENABLE_OBJC_ARC = YES;
				CLANG_ENABLE_OBJC_WEAK = YES;
				CLANG_WARN_BLOCK_CAPTURE_AUTORELEASING = YES;
				CLANG_WARN_BOOL_CONVERSION = YES;
				CLANG_WARN_COMMA = YES;
				CLANG_WARN_CONSTANT_CONVERSION = YES;
				CLANG_WARN_DEPRECATED_OBJC_IMPLEMENTATIONS = YES;
				CLANG_WARN_DIRECT_OBJC_ISA_USAGE = YES_ERROR;
				CLANG_WARN_DOCUMENTATION_COMMENTS = YES;
				CLANG_WARN_EMPTY_BODY = YES;
				CLANG_WARN_ENUM_CONVERSION = YES;
				CLANG_WARN_INFINITE_RECURSION = YES;
				CLANG_WARN_INT_CONVERSION = YES;
				CLANG_WARN_NON_LITERAL_NULL_CONVERSION = YES;
				CLANG_WARN_OBJC_IMPLICIT_RETAIN_SELF = YES;
				CLANG_WARN_OBJC_LITERAL_CONVERSION = YES;
				CLANG_WARN_OBJC_ROOT_CLASS = YES_ERROR;
				CLANG_WARN_QUOTED_INCLUDE_IN_FRAMEWORK_HEADER = YES;
				CLANG_WARN_RANGE_LOOP_ANALYSIS = YES;
				CLANG_WARN_STRICT_PROTOTYPES = YES;
				CLANG_WARN_SUSPICIOUS_MOVE = YES;
				CLANG_WARN_UNGUARDED_AVAILABILITY = YES_AGGRESSIVE;
				CLANG_WARN_UNREACHABLE_CODE = YES;
				CLANG_WARN__DUPLICATE_METHOD_MATCH = YES;
				COPY_PHASE_STRIP = NO;
				DEBUG_INFORMATION_FORMAT = dwarf;
				ENABLE_STRICT_OBJC_MSGSEND = YES;
				ENABLE_TESTABILITY = YES;
				FRAMEWORK_SEARCH_PATHS = "";
				GCC_C_LANGUAGE_STANDARD = gnu11;
				GCC_DYNAMIC_NO_PIC = NO;
				GCC_NO_COMMON_BLOCKS = YES;
				GCC_OPTIMIZATION_LEVEL = 0;
				GCC_PREPROCESSOR_DEFINITIONS = (
					"DEBUG=1",
					"$(inherited)",
				);
				GCC_WARN_64_TO_32_BIT_CONVERSION = YES;
				GCC_WARN_ABOUT_RETURN_TYPE = YES_ERROR;
				GCC_WARN_UNDECLARED_SELECTOR = YES;
				GCC_WARN_UNINITIALIZED_AUTOS = YES_AGGRESSIVE;
				GCC_WARN_UNUSED_FUNCTION = YES;
				GCC_WARN_UNUSED_VARIABLE = YES;
				IPHONEOS_DEPLOYMENT_TARGET = 14.4;
				MTL_ENABLE_DEBUG_INFO = INCLUDE_SOURCE;
				MTL_FAST_MATH = YES;
				ONLY_ACTIVE_ARCH = YES;
				SDKROOT = iphoneos;
				SWIFT_ACTIVE_COMPILATION_CONDITIONS = DEBUG;
				SWIFT_OPTIMIZATION_LEVEL = "-Onone";
			};
			name = Debug;
		};
		8AD1016C25440F250087773C /* Release */ = {
			isa = XCBuildConfiguration;
			buildSettings = {
				ALWAYS_SEARCH_USER_PATHS = NO;
				CLANG_ANALYZER_NONNULL = YES;
				CLANG_ANALYZER_NUMBER_OBJECT_CONVERSION = YES_AGGRESSIVE;
				CLANG_CXX_LANGUAGE_STANDARD = "gnu++14";
				CLANG_CXX_LIBRARY = "libc++";
				CLANG_ENABLE_MODULES = YES;
				CLANG_ENABLE_OBJC_ARC = YES;
				CLANG_ENABLE_OBJC_WEAK = YES;
				CLANG_WARN_BLOCK_CAPTURE_AUTORELEASING = YES;
				CLANG_WARN_BOOL_CONVERSION = YES;
				CLANG_WARN_COMMA = YES;
				CLANG_WARN_CONSTANT_CONVERSION = YES;
				CLANG_WARN_DEPRECATED_OBJC_IMPLEMENTATIONS = YES;
				CLANG_WARN_DIRECT_OBJC_ISA_USAGE = YES_ERROR;
				CLANG_WARN_DOCUMENTATION_COMMENTS = YES;
				CLANG_WARN_EMPTY_BODY = YES;
				CLANG_WARN_ENUM_CONVERSION = YES;
				CLANG_WARN_INFINITE_RECURSION = YES;
				CLANG_WARN_INT_CONVERSION = YES;
				CLANG_WARN_NON_LITERAL_NULL_CONVERSION = YES;
				CLANG_WARN_OBJC_IMPLICIT_RETAIN_SELF = YES;
				CLANG_WARN_OBJC_LITERAL_CONVERSION = YES;
				CLANG_WARN_OBJC_ROOT_CLASS = YES_ERROR;
				CLANG_WARN_QUOTED_INCLUDE_IN_FRAMEWORK_HEADER = YES;
				CLANG_WARN_RANGE_LOOP_ANALYSIS = YES;
				CLANG_WARN_STRICT_PROTOTYPES = YES;
				CLANG_WARN_SUSPICIOUS_MOVE = YES;
				CLANG_WARN_UNGUARDED_AVAILABILITY = YES_AGGRESSIVE;
				CLANG_WARN_UNREACHABLE_CODE = YES;
				CLANG_WARN__DUPLICATE_METHOD_MATCH = YES;
				COPY_PHASE_STRIP = NO;
				DEBUG_INFORMATION_FORMAT = "dwarf-with-dsym";
				ENABLE_NS_ASSERTIONS = NO;
				ENABLE_STRICT_OBJC_MSGSEND = YES;
				FRAMEWORK_SEARCH_PATHS = "";
				GCC_C_LANGUAGE_STANDARD = gnu11;
				GCC_NO_COMMON_BLOCKS = YES;
				GCC_WARN_64_TO_32_BIT_CONVERSION = YES;
				GCC_WARN_ABOUT_RETURN_TYPE = YES_ERROR;
				GCC_WARN_UNDECLARED_SELECTOR = YES;
				GCC_WARN_UNINITIALIZED_AUTOS = YES_AGGRESSIVE;
				GCC_WARN_UNUSED_FUNCTION = YES;
				GCC_WARN_UNUSED_VARIABLE = YES;
				IPHONEOS_DEPLOYMENT_TARGET = 14.4;
				MTL_ENABLE_DEBUG_INFO = NO;
				MTL_FAST_MATH = YES;
				SDKROOT = iphoneos;
				SWIFT_COMPILATION_MODE = wholemodule;
				SWIFT_OPTIMIZATION_LEVEL = "-O";
				VALIDATE_PRODUCT = YES;
			};
			name = Release;
		};
		8AD1016E25440F250087773C /* Debug */ = {
			isa = XCBuildConfiguration;
			baseConfigurationReference = E3312DD885E1D093BE3DB168 /* Pods-Heartbeat.debug.xcconfig */;
			buildSettings = {
				ASSETCATALOG_COMPILER_APPICON_NAME = AppIcon;
				ASSETCATALOG_COMPILER_GLOBAL_ACCENT_COLOR_NAME = AccentColor;
				CODE_SIGN_STYLE = Automatic;
				DEVELOPMENT_TEAM = Q3SL5WK99B;
				FRAMEWORK_SEARCH_PATHS = (
					"$(inherited)",
					"\"${PODS_CONFIGURATION_BUILD_DIR}/iCarousel\"",
				);
				INFOPLIST_FILE = Heartbeat/Info.plist;
				LD_RUNPATH_SEARCH_PATHS = (
					"$(inherited)",
					"@executable_path/Frameworks",
				);
				PRODUCT_BUNDLE_IDENTIFIER = HeartbeatCo.Heartbeat;
				PRODUCT_NAME = "$(TARGET_NAME)";
				SWIFT_VERSION = 5.0;
				TARGETED_DEVICE_FAMILY = "1,2";
			};
			name = Debug;
		};
		8AD1016F25440F250087773C /* Release */ = {
			isa = XCBuildConfiguration;
			baseConfigurationReference = EFF550F914EB8826C0701034 /* Pods-Heartbeat.release.xcconfig */;
			buildSettings = {
				ASSETCATALOG_COMPILER_APPICON_NAME = AppIcon;
				ASSETCATALOG_COMPILER_GLOBAL_ACCENT_COLOR_NAME = AccentColor;
				CODE_SIGN_STYLE = Automatic;
				DEVELOPMENT_TEAM = Q3SL5WK99B;
				FRAMEWORK_SEARCH_PATHS = (
					"$(inherited)",
					"\"${PODS_CONFIGURATION_BUILD_DIR}/iCarousel\"",
				);
				INFOPLIST_FILE = Heartbeat/Info.plist;
				LD_RUNPATH_SEARCH_PATHS = (
					"$(inherited)",
					"@executable_path/Frameworks",
				);
				PRODUCT_BUNDLE_IDENTIFIER = HeartbeatCo.Heartbeat;
				PRODUCT_NAME = "$(TARGET_NAME)";
				SWIFT_VERSION = 5.0;
				TARGETED_DEVICE_FAMILY = "1,2";
			};
			name = Release;
		};
		8AD1017125440F250087773C /* Debug */ = {
			isa = XCBuildConfiguration;
			baseConfigurationReference = D7F8043017BF85768F797F0C /* Pods-HeartbeatTests.debug.xcconfig */;
			buildSettings = {
				ALWAYS_EMBED_SWIFT_STANDARD_LIBRARIES = YES;
				BUNDLE_LOADER = "$(TEST_HOST)";
				CODE_SIGN_STYLE = Automatic;
				DEVELOPMENT_TEAM = Q3SL5WK99B;
				INFOPLIST_FILE = HeartbeatTests/Info.plist;
				IPHONEOS_DEPLOYMENT_TARGET = 14.0;
				LD_RUNPATH_SEARCH_PATHS = (
					"$(inherited)",
					"@executable_path/Frameworks",
					"@loader_path/Frameworks",
				);
				PRODUCT_BUNDLE_IDENTIFIER = Heartbeat.HeartbeatTests;
				PRODUCT_NAME = "$(TARGET_NAME)";
				SWIFT_VERSION = 5.0;
				TARGETED_DEVICE_FAMILY = "1,2";
				TEST_HOST = "$(BUILT_PRODUCTS_DIR)/Heartbeat.app/Heartbeat";
			};
			name = Debug;
		};
		8AD1017225440F250087773C /* Release */ = {
			isa = XCBuildConfiguration;
			baseConfigurationReference = B94915EEBE92E468EDBA0404 /* Pods-HeartbeatTests.release.xcconfig */;
			buildSettings = {
				ALWAYS_EMBED_SWIFT_STANDARD_LIBRARIES = YES;
				BUNDLE_LOADER = "$(TEST_HOST)";
				CODE_SIGN_STYLE = Automatic;
				DEVELOPMENT_TEAM = Q3SL5WK99B;
				INFOPLIST_FILE = HeartbeatTests/Info.plist;
				IPHONEOS_DEPLOYMENT_TARGET = 14.0;
				LD_RUNPATH_SEARCH_PATHS = (
					"$(inherited)",
					"@executable_path/Frameworks",
					"@loader_path/Frameworks",
				);
				PRODUCT_BUNDLE_IDENTIFIER = Heartbeat.HeartbeatTests;
				PRODUCT_NAME = "$(TARGET_NAME)";
				SWIFT_VERSION = 5.0;
				TARGETED_DEVICE_FAMILY = "1,2";
				TEST_HOST = "$(BUILT_PRODUCTS_DIR)/Heartbeat.app/Heartbeat";
			};
			name = Release;
		};
		8AD1017425440F250087773C /* Debug */ = {
			isa = XCBuildConfiguration;
			baseConfigurationReference = 11F7B00A8DDB7F7175C36244 /* Pods-Heartbeat-HeartbeatUITests.debug.xcconfig */;
			buildSettings = {
				ALWAYS_EMBED_SWIFT_STANDARD_LIBRARIES = YES;
				CODE_SIGN_STYLE = Automatic;
				DEVELOPMENT_TEAM = Q3SL5WK99B;
				INFOPLIST_FILE = HeartbeatUITests/Info.plist;
				LD_RUNPATH_SEARCH_PATHS = (
					"$(inherited)",
					"@executable_path/Frameworks",
					"@loader_path/Frameworks",
				);
				PRODUCT_BUNDLE_IDENTIFIER = Heartbeat.HeartbeatUITests;
				PRODUCT_NAME = "$(TARGET_NAME)";
				SWIFT_VERSION = 5.0;
				TARGETED_DEVICE_FAMILY = "1,2";
				TEST_TARGET_NAME = Heartbeat;
			};
			name = Debug;
		};
		8AD1017525440F250087773C /* Release */ = {
			isa = XCBuildConfiguration;
			baseConfigurationReference = 69FDF42334330DE55A843990 /* Pods-Heartbeat-HeartbeatUITests.release.xcconfig */;
			buildSettings = {
				ALWAYS_EMBED_SWIFT_STANDARD_LIBRARIES = YES;
				CODE_SIGN_STYLE = Automatic;
				DEVELOPMENT_TEAM = Q3SL5WK99B;
				INFOPLIST_FILE = HeartbeatUITests/Info.plist;
				LD_RUNPATH_SEARCH_PATHS = (
					"$(inherited)",
					"@executable_path/Frameworks",
					"@loader_path/Frameworks",
				);
				PRODUCT_BUNDLE_IDENTIFIER = Heartbeat.HeartbeatUITests;
				PRODUCT_NAME = "$(TARGET_NAME)";
				SWIFT_VERSION = 5.0;
				TARGETED_DEVICE_FAMILY = "1,2";
				TEST_TARGET_NAME = Heartbeat;
			};
			name = Release;
		};
/* End XCBuildConfiguration section */

/* Begin XCConfigurationList section */
		8AD1013B25440F220087773C /* Build configuration list for PBXProject "Heartbeat" */ = {
			isa = XCConfigurationList;
			buildConfigurations = (
				8AD1016B25440F250087773C /* Debug */,
				8AD1016C25440F250087773C /* Release */,
			);
			defaultConfigurationIsVisible = 0;
			defaultConfigurationName = Release;
		};
		8AD1016D25440F250087773C /* Build configuration list for PBXNativeTarget "Heartbeat" */ = {
			isa = XCConfigurationList;
			buildConfigurations = (
				8AD1016E25440F250087773C /* Debug */,
				8AD1016F25440F250087773C /* Release */,
			);
			defaultConfigurationIsVisible = 0;
			defaultConfigurationName = Release;
		};
		8AD1017025440F250087773C /* Build configuration list for PBXNativeTarget "HeartbeatTests" */ = {
			isa = XCConfigurationList;
			buildConfigurations = (
				8AD1017125440F250087773C /* Debug */,
				8AD1017225440F250087773C /* Release */,
			);
			defaultConfigurationIsVisible = 0;
			defaultConfigurationName = Release;
		};
		8AD1017325440F250087773C /* Build configuration list for PBXNativeTarget "HeartbeatUITests" */ = {
			isa = XCConfigurationList;
			buildConfigurations = (
				8AD1017425440F250087773C /* Debug */,
				8AD1017525440F250087773C /* Release */,
			);
			defaultConfigurationIsVisible = 0;
			defaultConfigurationName = Release;
		};
/* End XCConfigurationList section */

/* Begin XCVersionGroup section */
		8AD1014C25440F230087773C /* Heartbeat.xcdatamodeld */ = {
			isa = XCVersionGroup;
			children = (
				8AD1014D25440F230087773C /* Heartbeat.xcdatamodel */,
			);
			currentVersion = 8AD1014D25440F230087773C /* Heartbeat.xcdatamodel */;
			path = Heartbeat.xcdatamodeld;
			sourceTree = "<group>";
			versionGroupType = wrapper.xcdatamodel;
		};
/* End XCVersionGroup section */
	};
	rootObject = 8AD1013825440F220087773C /* Project object */;
}
